PODS:
  - SkyWayCore (1.3.1):
    - WebRTC (= 104.0.1)
  - SkyWayRoom (1.4.0):
    - SkyWayCore (= 1.3.1)
    - SkyWaySFUBot (= 1.1.0)
  - SkyWaySFUBot (1.1.0):
    - SkyWayCore (= 1.3.1)
    - WebRTC (= 104.0.1)
  - WebRTC (104.0.1)

DEPENDENCIES:
  - SkyWayRoom

SPEC REPOS:
  https://github.com/skyway/skyway-ios-sdk-specs.git:
    - SkyWayCore
    - SkyWayRoom
    - SkyWaySFUBot
  https://github.com/skyway/skyway-ios-webrtc-specs.git:
    - WebRTC

SPEC CHECKSUMS:
  SkyWayCore: 93d739735ee3d357157978c5173776467cde69da
  SkyWayRoom: afd5e6d7f4b2fee0e67f3fda86c0daf8a436e1d1
  SkyWaySFUBot: f982eee1efd811fef1c69c7d976c35aa89e62ad1
  WebRTC: d1aecd8308a3fb13e62cbdad949743e8114e59dc

PODFILE CHECKSUM: 6239a629574f2e03081ce0b422d5cc1f7c651649

COCOAPODS: 1.12.1
