PODS:
  - SkyWayCore (1.3.0):
    - WebRTC (= 104.0.1)
  - SkyWayRoom (1.3.0):
    - SkyWayCore (= 1.3.0)
    - SkyWaySFUBot (= 1.0.4)
  - SkyWaySFUBot (1.0.4):
    - SkyWayCore (= 1.3.0)
    - WebRTC (= 104.0.1)
  - WebRTC (104.0.1)

DEPENDENCIES:
  - SkyWayRoom

SPEC REPOS:
  https://github.com/skyway/skyway-ios-sdk-specs.git:
    - SkyWayCore
    - SkyWayRoom
    - SkyWaySFUBot
  https://github.com/skyway/skyway-ios-webrtc-specs.git:
    - WebRTC

SPEC CHECKSUMS:
  SkyWayCore: f47dccac9358c0f498c10fa5d253357d7bce7b56
  SkyWayRoom: 2015984be0d7fb5133205aff102f347f60124340
  SkyWaySFUBot: ed53edc7cf42b3f3fdc48137ab348a799bf74857
  WebRTC: d1aecd8308a3fb13e62cbdad949743e8114e59dc

PODFILE CHECKSUM: 6239a629574f2e03081ce0b422d5cc1f7c651649

COCOAPODS: 1.12.1
